
Microsoft Visual Studio Solution File, Format Version 12.00
# Visual Studio Version 17
VisualStudioVersion = 17.1.32328.378
MinimumVisualStudioVersion = 10.0.40219.1
Project("{FAE04EC0-301F-11D3-BF4B-00C04F79EFBC}") = "Homework_4", "Homework_4\Homework_4.csproj", "{E8C2F489-85BD-4800-BA05-567F1880CEA2}"
EndProject
Global
	GlobalSection(SolutionConfigurationPlatforms) = preSolution
		Debug|Any CPU = Debug|Any CPU
		Release|Any CPU = Release|Any CPU
	EndGlobalSection
	GlobalSection(ProjectConfigurationPlatforms) = postSolution
		{E8C2F489-85BD-4800-BA05-567F1880CEA2}.Debug|Any CPU.ActiveCfg = Debug|Any CPU
		{E8C2F489-85BD-4800-BA05-567F1880CEA2}.Debug|Any CPU.Build.0 = Debug|Any CPU
		{E8C2F489-85BD-4800-BA05-567F1880CEA2}.Release|Any CPU.ActiveCfg = Release|Any CPU
		{E8C2F489-85BD-4800-BA05-567F1880CEA2}.Release|Any CPU.Build.0 = Release|Any CPU
	EndGlobalSection
	GlobalSection(SolutionProperties) = preSolution
		HideSolutionNode = FALSE
	EndGlobalSection
	GlobalSection(ExtensibilityGlobals) = postSolution
		SolutionGuid = {B4DE529D-E5E8-4D4C-8D27-07BF60AD391A}
	EndGlobalSection
EndGlobal
