
Microsoft Visual Studio Solution File, Format Version 12.00
# Visual Studio Version 17
VisualStudioVersion = 17.1.32328.378
MinimumVisualStudioVersion = 10.0.40219.1
Project("{FAE04EC0-301F-11D3-BF4B-00C04F79EFBC}") = "BookStore", "BookStore\BookStore.csproj", "{814478BB-D18F-4E0B-9598-72DDE4C56AC1}"
EndProject
Global
	GlobalSection(SolutionConfigurationPlatforms) = preSolution
		Debug|Any CPU = Debug|Any CPU
		Release|Any CPU = Release|Any CPU
	EndGlobalSection
	GlobalSection(ProjectConfigurationPlatforms) = postSolution
		{814478BB-D18F-4E0B-9598-72DDE4C56AC1}.Debug|Any CPU.ActiveCfg = Debug|Any CPU
		{814478BB-D18F-4E0B-9598-72DDE4C56AC1}.Debug|Any CPU.Build.0 = Debug|Any CPU
		{814478BB-D18F-4E0B-9598-72DDE4C56AC1}.Release|Any CPU.ActiveCfg = Release|Any CPU
		{814478BB-D18F-4E0B-9598-72DDE4C56AC1}.Release|Any CPU.Build.0 = Release|Any CPU
	EndGlobalSection
	GlobalSection(SolutionProperties) = preSolution
		HideSolutionNode = FALSE
	EndGlobalSection
	GlobalSection(ExtensibilityGlobals) = postSolution
		SolutionGuid = {FB68D35F-450E-4E9C-9428-4281EF0C416C}
	EndGlobalSection
EndGlobal
