
Microsoft Visual Studio Solution File, Format Version 12.00
# Visual Studio Version 17
VisualStudioVersion = 17.1.32328.378
MinimumVisualStudioVersion = 10.0.40219.1
Project("{FAE04EC0-301F-11D3-BF4B-00C04F79EFBC}") = "ConsoleApp2", "ConsoleApp2\ConsoleApp2.csproj", "{CE4F07E4-8FC9-4BC0-8953-97C9EB315D32}"
EndProject
Global
	GlobalSection(SolutionConfigurationPlatforms) = preSolution
		Debug|Any CPU = Debug|Any CPU
		Release|Any CPU = Release|Any CPU
	EndGlobalSection
	GlobalSection(ProjectConfigurationPlatforms) = postSolution
		{CE4F07E4-8FC9-4BC0-8953-97C9EB315D32}.Debug|Any CPU.ActiveCfg = Debug|Any CPU
		{CE4F07E4-8FC9-4BC0-8953-97C9EB315D32}.Debug|Any CPU.Build.0 = Debug|Any CPU
		{CE4F07E4-8FC9-4BC0-8953-97C9EB315D32}.Release|Any CPU.ActiveCfg = Release|Any CPU
		{CE4F07E4-8FC9-4BC0-8953-97C9EB315D32}.Release|Any CPU.Build.0 = Release|Any CPU
	EndGlobalSection
	GlobalSection(SolutionProperties) = preSolution
		HideSolutionNode = FALSE
	EndGlobalSection
	GlobalSection(ExtensibilityGlobals) = postSolution
		SolutionGuid = {BFD75F67-4EC7-46DF-A84A-E10525A0AD51}
	EndGlobalSection
EndGlobal
